
Microsoft Visual Studio Solution File, Format Version 12.00
# Visual Studio Version 16
VisualStudioVersion = 16.0.30330.147
MinimumVisualStudioVersion = 10.0.40219.1
Project("{FAE04EC0-301F-11D3-BF4B-00C04F79EFBC}") = "APIStudentSecurity", "APIStudentSecurity\APIStudentSecurity.csproj", "{4BF3B274-39CF-4442-B5A0-2EB13B85DA1E}"
EndProject
Project("{FAE04EC0-301F-11D3-BF4B-00C04F79EFBC}") = "admStudentSecurity", "admStudentSecurity\admStudentSecurity.csproj", "{A1906D1F-06AB-4006-BAA9-53F982F415A6}"
EndProject
Project("{FAE04EC0-301F-11D3-BF4B-00C04F79EFBC}") = "StudentSecurity.Tests", "StudentSecurity.Tests\StudentSecurity.Tests.csproj", "{FFF518D2-040A-474C-A842-DC67F693F725}"
EndProject
Global
	GlobalSection(SolutionConfigurationPlatforms) = preSolution
		Debug|Any CPU = Debug|Any CPU
		Release|Any CPU = Release|Any CPU
	EndGlobalSection
	GlobalSection(ProjectConfigurationPlatforms) = postSolution
		{4BF3B274-39CF-4442-B5A0-2EB13B85DA1E}.Debug|Any CPU.ActiveCfg = Debug|Any CPU
		{4BF3B274-39CF-4442-B5A0-2EB13B85DA1E}.Debug|Any CPU.Build.0 = Debug|Any CPU
		{4BF3B274-39CF-4442-B5A0-2EB13B85DA1E}.Release|Any CPU.ActiveCfg = Release|Any CPU
		{4BF3B274-39CF-4442-B5A0-2EB13B85DA1E}.Release|Any CPU.Build.0 = Release|Any CPU
		{A1906D1F-06AB-4006-BAA9-53F982F415A6}.Debug|Any CPU.ActiveCfg = Debug|Any CPU
		{A1906D1F-06AB-4006-BAA9-53F982F415A6}.Debug|Any CPU.Build.0 = Debug|Any CPU
		{A1906D1F-06AB-4006-BAA9-53F982F415A6}.Release|Any CPU.ActiveCfg = Release|Any CPU
		{A1906D1F-06AB-4006-BAA9-53F982F415A6}.Release|Any CPU.Build.0 = Release|Any CPU
		{FFF518D2-040A-474C-A842-DC67F693F725}.Debug|Any CPU.ActiveCfg = Debug|Any CPU
		{FFF518D2-040A-474C-A842-DC67F693F725}.Debug|Any CPU.Build.0 = Debug|Any CPU
		{FFF518D2-040A-474C-A842-DC67F693F725}.Release|Any CPU.ActiveCfg = Release|Any CPU
		{FFF518D2-040A-474C-A842-DC67F693F725}.Release|Any CPU.Build.0 = Release|Any CPU
	EndGlobalSection
	GlobalSection(SolutionProperties) = preSolution
		HideSolutionNode = FALSE
	EndGlobalSection
	GlobalSection(ExtensibilityGlobals) = postSolution
		SolutionGuid = {FA739195-0B17-458F-80B7-B7A63B2DC516}
	EndGlobalSection
EndGlobal
